// !$*UTF8*$!
{
	archiveVersion = 1;
	classes = {
	};
	objectVersion = 56;
	objects = {

/* Begin PBXBuildFile section */
		1C146C9C2C6F8FF600AAE5F7 /* Departments.json in Resources */ = {isa = PBXBuildFile; fileRef = 1C146C9B2C6F8FF600AAE5F7 /* Departments.json */; };
		1C146C9E2C6F902300AAE5F7 /* City.json in Resources */ = {isa = PBXBuildFile; fileRef = 1C146C9D2C6F902300AAE5F7 /* City.json */; };
		1C15FEB92C5A7A350006F4E9 /* HomeView.swift in Sources */ = {isa = PBXBuildFile; fileRef = 1C15FEB82C5A7A350006F4E9 /* HomeView.swift */; };
		1C15FEBF2C5A7B9B0006F4E9 /* HomeInteractor.swift in Sources */ = {isa = PBXBuildFile; fileRef = 1C15FEBE2C5A7B9B0006F4E9 /* HomeInteractor.swift */; };
		1C15FEC22C5A7DA10006F4E9 /* HomePresenter.swift in Sources */ = {isa = PBXBuildFile; fileRef = 1C15FEC12C5A7DA10006F4E9 /* HomePresenter.swift */; };
		1C5315392C5BC3F300EFCC94 /* MainTabView.swift in Sources */ = {isa = PBXBuildFile; fileRef = 1C5315382C5BC3F300EFCC94 /* MainTabView.swift */; };
		1C53153B2C5BDC3100EFCC94 /* CarouselView.swift in Sources */ = {isa = PBXBuildFile; fileRef = 1C53153A2C5BDC3100EFCC94 /* CarouselView.swift */; };
		1C5315412C5BE42000EFCC94 /* AnticDidone-Regular.ttf in Resources */ = {isa = PBXBuildFile; fileRef = 1C53153D2C5BE42000EFCC94 /* AnticDidone-Regular.ttf */; };
		1C5315422C5BE42000EFCC94 /* OFL.txt in Resources */ = {isa = PBXBuildFile; fileRef = 1C53153E2C5BE42000EFCC94 /* OFL.txt */; };
		1C5315452C5BF22B00EFCC94 /* CardViewModel.swift in Sources */ = {isa = PBXBuildFile; fileRef = 1C5315442C5BF22B00EFCC94 /* CardViewModel.swift */; };
		1C5315492C5D0FF800EFCC94 /* SectionHeaderView.swift in Sources */ = {isa = PBXBuildFile; fileRef = 1C5315482C5D0FF800EFCC94 /* SectionHeaderView.swift */; };
		1C53154E2C624B1500EFCC94 /* DetailPageView.swift in Sources */ = {isa = PBXBuildFile; fileRef = 1C53154D2C624B1500EFCC94 /* DetailPageView.swift */; };
		1C5315502C62606200EFCC94 /* DetailPageViewModel.swift in Sources */ = {isa = PBXBuildFile; fileRef = 1C53154F2C62606200EFCC94 /* DetailPageViewModel.swift */; };
		1C5315522C6260A000EFCC94 /* ImageView.swift in Sources */ = {isa = PBXBuildFile; fileRef = 1C5315512C6260A000EFCC94 /* ImageView.swift */; };
		1C5315562C6262DC00EFCC94 /* Kingfisher in Frameworks */ = {isa = PBXBuildFile; productRef = 1C5315552C6262DC00EFCC94 /* Kingfisher */; };
		1C5315582C6266A900EFCC94 /* AsyncImageLoaderView.swift in Sources */ = {isa = PBXBuildFile; fileRef = 1C5315572C6266A900EFCC94 /* AsyncImageLoaderView.swift */; };
		1C53155A2C63833100EFCC94 /* DescriptionDetailPageView.swift in Sources */ = {isa = PBXBuildFile; fileRef = 1C5315592C63833100EFCC94 /* DescriptionDetailPageView.swift */; };
		1C53155D2C639E9900EFCC94 /* ListItemDetailHouseView.swift in Sources */ = {isa = PBXBuildFile; fileRef = 1C53155C2C639E9900EFCC94 /* ListItemDetailHouseView.swift */; };
		1C53155F2C63B34100EFCC94 /* ListItemDetailHouseViewModel.swift in Sources */ = {isa = PBXBuildFile; fileRef = 1C53155E2C63B34100EFCC94 /* ListItemDetailHouseViewModel.swift */; };
		1C6A9C7B2C6516DC008E01FE /* StackedCardView.swift in Sources */ = {isa = PBXBuildFile; fileRef = 1C6A9C7A2C6516DC008E01FE /* StackedCardView.swift */; };
		1C6A9C7D2C66549B008E01FE /* HomeViewModel.swift in Sources */ = {isa = PBXBuildFile; fileRef = 1C6A9C7C2C66549B008E01FE /* HomeViewModel.swift */; };
		1C6A9C8A2C66563E008E01FE /* DisplayLogic.swift in Sources */ = {isa = PBXBuildFile; fileRef = 1C6A9C892C66563E008E01FE /* DisplayLogic.swift */; };
		1C6A9C8C2C6658CE008E01FE /* HomeSection.swift in Sources */ = {isa = PBXBuildFile; fileRef = 1C6A9C8B2C6658CE008E01FE /* HomeSection.swift */; };
		1C7464332C6CCDDD005634AE /* Extension.swift in Sources */ = {isa = PBXBuildFile; fileRef = 1C7464322C6CCDDD005634AE /* Extension.swift */; };
		1C7B50702C67BA41004683C3 /* CardView.swift in Sources */ = {isa = PBXBuildFile; fileRef = 1C7B506F2C67BA41004683C3 /* CardView.swift */; };
		1C7B50732C67C885004683C3 /* SectionCarousel.swift in Sources */ = {isa = PBXBuildFile; fileRef = 1C7B50722C67C885004683C3 /* SectionCarousel.swift */; };
		1C7B50752C67C88E004683C3 /* SectionStackedCard.swift in Sources */ = {isa = PBXBuildFile; fileRef = 1C7B50742C67C88E004683C3 /* SectionStackedCard.swift */; };
		1C7B50772C67C8EC004683C3 /* SectionDefault.swift in Sources */ = {isa = PBXBuildFile; fileRef = 1C7B50762C67C8EC004683C3 /* SectionDefault.swift */; };
		1C828F232C7774DB0039B376 /* FavoritesButtonView.swift in Sources */ = {isa = PBXBuildFile; fileRef = 1C828F222C7774DB0039B376 /* FavoritesButtonView.swift */; };
		1C828F282C7791CF0039B376 /* FilterView.swift in Sources */ = {isa = PBXBuildFile; fileRef = 1C828F272C7791CF0039B376 /* FilterView.swift */; };
		1C828F2B2C779FEA0039B376 /* FilterViewManager.swift in Sources */ = {isa = PBXBuildFile; fileRef = 1C828F2A2C779FEA0039B376 /* FilterViewManager.swift */; };
		1C828F2E2C77BDFB0039B376 /* FilterPresenter.swift in Sources */ = {isa = PBXBuildFile; fileRef = 1C828F2D2C77BDFB0039B376 /* FilterPresenter.swift */; };
		1C828F312C77BE1E0039B376 /* FilterInteractor.swift in Sources */ = {isa = PBXBuildFile; fileRef = 1C828F302C77BE1E0039B376 /* FilterInteractor.swift */; };
		1C828F352C787CC60039B376 /* UserFilter.swift in Sources */ = {isa = PBXBuildFile; fileRef = 1C828F342C787CC60039B376 /* UserFilter.swift */; };
		1C828F372C7882870039B376 /* FilterHomeViewModel.swift in Sources */ = {isa = PBXBuildFile; fileRef = 1C828F362C7882870039B376 /* FilterHomeViewModel.swift */; };
		1C828F392C7882DA0039B376 /* FilterSectionView.swift in Sources */ = {isa = PBXBuildFile; fileRef = 1C828F382C7882DA0039B376 /* FilterSectionView.swift */; };
		1CA767B22C7A08FC00AC9662 /* FilterHomeContext.swift in Sources */ = {isa = PBXBuildFile; fileRef = 1CA767B12C7A08FC00AC9662 /* FilterHomeContext.swift */; };
		1CB52CC42C7E0C9E00796F27 /* FilterPickerView.swift in Sources */ = {isa = PBXBuildFile; fileRef = 1CB52CC32C7E0C9E00796F27 /* FilterPickerView.swift */; };
		1CB52CC62C7E0CDA00796F27 /* FilterContent.swift in Sources */ = {isa = PBXBuildFile; fileRef = 1CB52CC52C7E0CDA00796F27 /* FilterContent.swift */; };
		1CB52CC82C7E0E0100796F27 /* SelectedFilterItem.swift in Sources */ = {isa = PBXBuildFile; fileRef = 1CB52CC72C7E0E0100796F27 /* SelectedFilterItem.swift */; };
		1CC3EA1C2C73BE65007EEC4A /* ToolBarView.swift in Sources */ = {isa = PBXBuildFile; fileRef = 1CC3EA1B2C73BE65007EEC4A /* ToolBarView.swift */; };
		1CC3EA1F2C749366007EEC4A /* HomeViewManager.swift in Sources */ = {isa = PBXBuildFile; fileRef = 1CC3EA1E2C749366007EEC4A /* HomeViewManager.swift */; };
		1CC3EA212C750283007EEC4A /* SearchSuggestionView.swift in Sources */ = {isa = PBXBuildFile; fileRef = 1CC3EA202C750283007EEC4A /* SearchSuggestionView.swift */; };
		1CE588D62C4D42D6009DDDEA /* ImoAppApp.swift in Sources */ = {isa = PBXBuildFile; fileRef = 1CE588D52C4D42D6009DDDEA /* ImoAppApp.swift */; };
		1CE588DA2C4D42D7009DDDEA /* Assets.xcassets in Resources */ = {isa = PBXBuildFile; fileRef = 1CE588D92C4D42D7009DDDEA /* Assets.xcassets */; };
		1CE588DE2C4D42D7009DDDEA /* Preview Assets.xcassets in Resources */ = {isa = PBXBuildFile; fileRef = 1CE588DD2C4D42D7009DDDEA /* Preview Assets.xcassets */; };
		1CED438A2C734F6600E4BD81 /* SearchViewModel.swift in Sources */ = {isa = PBXBuildFile; fileRef = 1CED43892C734F6600E4BD81 /* SearchViewModel.swift */; };
		1CEFBA712C6D0C360033C894 /* RequestHome.swift in Sources */ = {isa = PBXBuildFile; fileRef = 1CEFBA702C6D0C360033C894 /* RequestHome.swift */; };
		1CEFBA762C6E288F0033C894 /* Regions.json in Resources */ = {isa = PBXBuildFile; fileRef = 1CEFBA752C6E288F0033C894 /* Regions.json */; };
/* End PBXBuildFile section */

/* Begin PBXFileReference section */
		1C146C9B2C6F8FF600AAE5F7 /* Departments.json */ = {isa = PBXFileReference; lastKnownFileType = text.json; path = Departments.json; sourceTree = "<group>"; };
		1C146C9D2C6F902300AAE5F7 /* City.json */ = {isa = PBXFileReference; lastKnownFileType = text.json; path = City.json; sourceTree = "<group>"; };
		1C15FEB82C5A7A350006F4E9 /* HomeView.swift */ = {isa = PBXFileReference; lastKnownFileType = sourcecode.swift; path = HomeView.swift; sourceTree = "<group>"; };
		1C15FEBE2C5A7B9B0006F4E9 /* HomeInteractor.swift */ = {isa = PBXFileReference; lastKnownFileType = sourcecode.swift; path = HomeInteractor.swift; sourceTree = "<group>"; };
		1C15FEC12C5A7DA10006F4E9 /* HomePresenter.swift */ = {isa = PBXFileReference; lastKnownFileType = sourcecode.swift; path = HomePresenter.swift; sourceTree = "<group>"; };
		1C5315382C5BC3F300EFCC94 /* MainTabView.swift */ = {isa = PBXFileReference; lastKnownFileType = sourcecode.swift; path = MainTabView.swift; sourceTree = "<group>"; };
		1C53153A2C5BDC3100EFCC94 /* CarouselView.swift */ = {isa = PBXFileReference; lastKnownFileType = sourcecode.swift; path = CarouselView.swift; sourceTree = "<group>"; };
		1C53153D2C5BE42000EFCC94 /* AnticDidone-Regular.ttf */ = {isa = PBXFileReference; lastKnownFileType = file; path = "AnticDidone-Regular.ttf"; sourceTree = "<group>"; };
		1C53153E2C5BE42000EFCC94 /* OFL.txt */ = {isa = PBXFileReference; fileEncoding = 4; lastKnownFileType = text; path = OFL.txt; sourceTree = "<group>"; };
		1C5315432C5BE59F00EFCC94 /* Info.plist */ = {isa = PBXFileReference; lastKnownFileType = text.plist; path = Info.plist; sourceTree = "<group>"; };
		1C5315442C5BF22B00EFCC94 /* CardViewModel.swift */ = {isa = PBXFileReference; lastKnownFileType = sourcecode.swift; path = CardViewModel.swift; sourceTree = "<group>"; };
		1C5315482C5D0FF800EFCC94 /* SectionHeaderView.swift */ = {isa = PBXFileReference; lastKnownFileType = sourcecode.swift; path = SectionHeaderView.swift; sourceTree = "<group>"; };
		1C53154D2C624B1500EFCC94 /* DetailPageView.swift */ = {isa = PBXFileReference; lastKnownFileType = sourcecode.swift; path = DetailPageView.swift; sourceTree = "<group>"; };
		1C53154F2C62606200EFCC94 /* DetailPageViewModel.swift */ = {isa = PBXFileReference; lastKnownFileType = sourcecode.swift; path = DetailPageViewModel.swift; sourceTree = "<group>"; };
		1C5315512C6260A000EFCC94 /* ImageView.swift */ = {isa = PBXFileReference; lastKnownFileType = sourcecode.swift; path = ImageView.swift; sourceTree = "<group>"; };
		1C5315572C6266A900EFCC94 /* AsyncImageLoaderView.swift */ = {isa = PBXFileReference; lastKnownFileType = sourcecode.swift; path = AsyncImageLoaderView.swift; sourceTree = "<group>"; };
		1C5315592C63833100EFCC94 /* DescriptionDetailPageView.swift */ = {isa = PBXFileReference; lastKnownFileType = sourcecode.swift; path = DescriptionDetailPageView.swift; sourceTree = "<group>"; };
		1C53155C2C639E9900EFCC94 /* ListItemDetailHouseView.swift */ = {isa = PBXFileReference; lastKnownFileType = sourcecode.swift; path = ListItemDetailHouseView.swift; sourceTree = "<group>"; };
		1C53155E2C63B34100EFCC94 /* ListItemDetailHouseViewModel.swift */ = {isa = PBXFileReference; lastKnownFileType = sourcecode.swift; path = ListItemDetailHouseViewModel.swift; sourceTree = "<group>"; };
		1C6A9C7A2C6516DC008E01FE /* StackedCardView.swift */ = {isa = PBXFileReference; lastKnownFileType = sourcecode.swift; path = StackedCardView.swift; sourceTree = "<group>"; };
		1C6A9C7C2C66549B008E01FE /* HomeViewModel.swift */ = {isa = PBXFileReference; lastKnownFileType = sourcecode.swift; path = HomeViewModel.swift; sourceTree = "<group>"; };
		1C6A9C892C66563E008E01FE /* DisplayLogic.swift */ = {isa = PBXFileReference; lastKnownFileType = sourcecode.swift; path = DisplayLogic.swift; sourceTree = "<group>"; };
		1C6A9C8B2C6658CE008E01FE /* HomeSection.swift */ = {isa = PBXFileReference; lastKnownFileType = sourcecode.swift; path = HomeSection.swift; sourceTree = "<group>"; };
		1C7464322C6CCDDD005634AE /* Extension.swift */ = {isa = PBXFileReference; lastKnownFileType = sourcecode.swift; path = Extension.swift; sourceTree = "<group>"; };
		1C7B506F2C67BA41004683C3 /* CardView.swift */ = {isa = PBXFileReference; lastKnownFileType = sourcecode.swift; path = CardView.swift; sourceTree = "<group>"; };
		1C7B50722C67C885004683C3 /* SectionCarousel.swift */ = {isa = PBXFileReference; lastKnownFileType = sourcecode.swift; path = SectionCarousel.swift; sourceTree = "<group>"; };
		1C7B50742C67C88E004683C3 /* SectionStackedCard.swift */ = {isa = PBXFileReference; lastKnownFileType = sourcecode.swift; path = SectionStackedCard.swift; sourceTree = "<group>"; };
		1C7B50762C67C8EC004683C3 /* SectionDefault.swift */ = {isa = PBXFileReference; lastKnownFileType = sourcecode.swift; path = SectionDefault.swift; sourceTree = "<group>"; };
		1C828F222C7774DB0039B376 /* FavoritesButtonView.swift */ = {isa = PBXFileReference; lastKnownFileType = sourcecode.swift; path = FavoritesButtonView.swift; sourceTree = "<group>"; };
		1C828F272C7791CF0039B376 /* FilterView.swift */ = {isa = PBXFileReference; lastKnownFileType = sourcecode.swift; path = FilterView.swift; sourceTree = "<group>"; };
		1C828F2A2C779FEA0039B376 /* FilterViewManager.swift */ = {isa = PBXFileReference; lastKnownFileType = sourcecode.swift; path = FilterViewManager.swift; sourceTree = "<group>"; };
		1C828F2D2C77BDFB0039B376 /* FilterPresenter.swift */ = {isa = PBXFileReference; lastKnownFileType = sourcecode.swift; path = FilterPresenter.swift; sourceTree = "<group>"; };
		1C828F302C77BE1E0039B376 /* FilterInteractor.swift */ = {isa = PBXFileReference; lastKnownFileType = sourcecode.swift; path = FilterInteractor.swift; sourceTree = "<group>"; };
		1C828F342C787CC60039B376 /* UserFilter.swift */ = {isa = PBXFileReference; lastKnownFileType = sourcecode.swift; path = UserFilter.swift; sourceTree = "<group>"; };
		1C828F362C7882870039B376 /* FilterHomeViewModel.swift */ = {isa = PBXFileReference; lastKnownFileType = sourcecode.swift; path = FilterHomeViewModel.swift; sourceTree = "<group>"; };
		1C828F382C7882DA0039B376 /* FilterSectionView.swift */ = {isa = PBXFileReference; lastKnownFileType = sourcecode.swift; path = FilterSectionView.swift; sourceTree = "<group>"; };
		1CA767B12C7A08FC00AC9662 /* FilterHomeContext.swift */ = {isa = PBXFileReference; lastKnownFileType = sourcecode.swift; path = FilterHomeContext.swift; sourceTree = "<group>"; };
		1CB52CC32C7E0C9E00796F27 /* FilterPickerView.swift */ = {isa = PBXFileReference; lastKnownFileType = sourcecode.swift; path = FilterPickerView.swift; sourceTree = "<group>"; };
		1CB52CC52C7E0CDA00796F27 /* FilterContent.swift */ = {isa = PBXFileReference; lastKnownFileType = sourcecode.swift; path = FilterContent.swift; sourceTree = "<group>"; };
		1CB52CC72C7E0E0100796F27 /* SelectedFilterItem.swift */ = {isa = PBXFileReference; lastKnownFileType = sourcecode.swift; path = SelectedFilterItem.swift; sourceTree = "<group>"; };
		1CC3EA1B2C73BE65007EEC4A /* ToolBarView.swift */ = {isa = PBXFileReference; lastKnownFileType = sourcecode.swift; path = ToolBarView.swift; sourceTree = "<group>"; };
		1CC3EA1E2C749366007EEC4A /* HomeViewManager.swift */ = {isa = PBXFileReference; lastKnownFileType = sourcecode.swift; path = HomeViewManager.swift; sourceTree = "<group>"; };
		1CC3EA202C750283007EEC4A /* SearchSuggestionView.swift */ = {isa = PBXFileReference; lastKnownFileType = sourcecode.swift; path = SearchSuggestionView.swift; sourceTree = "<group>"; };
		1CE588D22C4D42D6009DDDEA /* ImoApp.app */ = {isa = PBXFileReference; explicitFileType = wrapper.application; includeInIndex = 0; path = ImoApp.app; sourceTree = BUILT_PRODUCTS_DIR; };
		1CE588D52C4D42D6009DDDEA /* ImoAppApp.swift */ = {isa = PBXFileReference; lastKnownFileType = sourcecode.swift; path = ImoAppApp.swift; sourceTree = "<group>"; };
		1CE588D92C4D42D7009DDDEA /* Assets.xcassets */ = {isa = PBXFileReference; lastKnownFileType = folder.assetcatalog; path = Assets.xcassets; sourceTree = "<group>"; };
		1CE588DB2C4D42D7009DDDEA /* ImoApp.entitlements */ = {isa = PBXFileReference; lastKnownFileType = text.plist.entitlements; path = ImoApp.entitlements; sourceTree = "<group>"; };
		1CE588DD2C4D42D7009DDDEA /* Preview Assets.xcassets */ = {isa = PBXFileReference; lastKnownFileType = folder.assetcatalog; path = "Preview Assets.xcassets"; sourceTree = "<group>"; };
		1CED43892C734F6600E4BD81 /* SearchViewModel.swift */ = {isa = PBXFileReference; lastKnownFileType = sourcecode.swift; path = SearchViewModel.swift; sourceTree = "<group>"; };
		1CEFBA702C6D0C360033C894 /* RequestHome.swift */ = {isa = PBXFileReference; lastKnownFileType = sourcecode.swift; path = RequestHome.swift; sourceTree = "<group>"; };
		1CEFBA752C6E288F0033C894 /* Regions.json */ = {isa = PBXFileReference; lastKnownFileType = text.json; path = Regions.json; sourceTree = "<group>"; };
/* End PBXFileReference section */

/* Begin PBXFrameworksBuildPhase section */
		1CE588CF2C4D42D6009DDDEA /* Frameworks */ = {
			isa = PBXFrameworksBuildPhase;
			buildActionMask = 2147483647;
			files = (
				1C5315562C6262DC00EFCC94 /* Kingfisher in Frameworks */,
			);
			runOnlyForDeploymentPostprocessing = 0;
		};
/* End PBXFrameworksBuildPhase section */

/* Begin PBXGroup section */
		1C15FEBA2C5A7A6D0006F4E9 /* Home */ = {
			isa = PBXGroup;
			children = (
				1C828F252C7777950039B376 /* SearchSuggestion */,
				1CC3EA1D2C749355007EEC4A /* Manager */,
				1C6A9C882C66562D008E01FE /* Protocol */,
				1C6A9C7F2C6654BA008E01FE /* Model */,
				1C6A9C7E2C6654A4008E01FE /* View */,
			);
			path = Home;
			sourceTree = "<group>";
		};
		1C15FEBB2C5A7B390006F4E9 /* View */ = {
			isa = PBXGroup;
			children = (
				1CB52CC02C7DEF5B00796F27 /* Filter */,
				1C53155B2C639D8100EFCC94 /* Shared */,
				1C53154C2C624AE300EFCC94 /* DetailPage */,
				1C15FEBA2C5A7A6D0006F4E9 /* Home */,
			);
			path = View;
			sourceTree = "<group>";
		};
		1C15FEBC2C5A7B400006F4E9 /* Interactor */ = {
			isa = PBXGroup;
			children = (
				1C828F322C77BE250039B376 /* Home */,
				1C828F2F2C77BE100039B376 /* Filter */,
			);
			path = Interactor;
			sourceTree = "<group>";
		};
		1C15FEBD2C5A7B4A0006F4E9 /* Presenter */ = {
			isa = PBXGroup;
			children = (
				1C828F2C2C77BDF30039B376 /* Filter */,
				1C15FEC02C5A7D930006F4E9 /* Home */,
			);
			path = Presenter;
			sourceTree = "<group>";
		};
		1C15FEC02C5A7D930006F4E9 /* Home */ = {
			isa = PBXGroup;
			children = (
				1C15FEC12C5A7DA10006F4E9 /* HomePresenter.swift */,
			);
			path = Home;
			sourceTree = "<group>";
		};
		1C53153C2C5BE40600EFCC94 /* Shared */ = {
			isa = PBXGroup;
			children = (
				1C7464312C6CCDCE005634AE /* Extension */,
				1C5315402C5BE42000EFCC94 /* Font */,
			);
			path = Shared;
			sourceTree = "<group>";
		};
		1C53153F2C5BE42000EFCC94 /* Antic_Didone */ = {
			isa = PBXGroup;
			children = (
				1C53153D2C5BE42000EFCC94 /* AnticDidone-Regular.ttf */,
				1C53153E2C5BE42000EFCC94 /* OFL.txt */,
			);
			path = Antic_Didone;
			sourceTree = "<group>";
		};
		1C5315402C5BE42000EFCC94 /* Font */ = {
			isa = PBXGroup;
			children = (
				1C53153F2C5BE42000EFCC94 /* Antic_Didone */,
			);
			name = Font;
			path = ImoApp/Font;
			sourceTree = SOURCE_ROOT;
		};
		1C53154C2C624AE300EFCC94 /* DetailPage */ = {
			isa = PBXGroup;
			children = (
				1C6A9C822C66550B008E01FE /* View */,
				1C6A9C812C665505008E01FE /* Model */,
			);
			path = DetailPage;
			sourceTree = "<group>";
		};
		1C5315532C6260A500EFCC94 /* Image */ = {
			isa = PBXGroup;
			children = (
				1C6A9C842C665535008E01FE /* Model */,
				1C6A9C832C66552C008E01FE /* View */,
			);
			path = Image;
			sourceTree = "<group>";
		};
		1C53155B2C639D8100EFCC94 /* Shared */ = {
			isa = PBXGroup;
			children = (
				1C828F202C7773A60039B376 /* ToolBar */,
				1C828F1F2C77734B0039B376 /* TabBar */,
				1C6A9C852C66558F008E01FE /* ListItem */,
				1C5315532C6260A500EFCC94 /* Image */,
			);
			path = Shared;
			sourceTree = "<group>";
		};
		1C6A9C7E2C6654A4008E01FE /* View */ = {
			isa = PBXGroup;
			children = (
				1C828F212C7774CE0039B376 /* Favorites */,
				1C7B50712C67C876004683C3 /* Section */,
				1C7B506E2C67A5D7004683C3 /* Card */,
				1C6A9C802C6654D9008E01FE /* Header */,
				1C15FEB82C5A7A350006F4E9 /* HomeView.swift */,
			);
			path = View;
			sourceTree = "<group>";
		};
		1C6A9C7F2C6654BA008E01FE /* Model */ = {
			isa = PBXGroup;
			children = (
				1C5315442C5BF22B00EFCC94 /* CardViewModel.swift */,
				1C6A9C7C2C66549B008E01FE /* HomeViewModel.swift */,
				1CED43892C734F6600E4BD81 /* SearchViewModel.swift */,
			);
			path = Model;
			sourceTree = "<group>";
		};
		1C6A9C802C6654D9008E01FE /* Header */ = {
			isa = PBXGroup;
			children = (
				1C5315482C5D0FF800EFCC94 /* SectionHeaderView.swift */,
			);
			path = Header;
			sourceTree = "<group>";
		};
		1C6A9C812C665505008E01FE /* Model */ = {
			isa = PBXGroup;
			children = (
				1C53154F2C62606200EFCC94 /* DetailPageViewModel.swift */,
			);
			path = Model;
			sourceTree = "<group>";
		};
		1C6A9C822C66550B008E01FE /* View */ = {
			isa = PBXGroup;
			children = (
				1C53154D2C624B1500EFCC94 /* DetailPageView.swift */,
				1C5315592C63833100EFCC94 /* DescriptionDetailPageView.swift */,
			);
			path = View;
			sourceTree = "<group>";
		};
		1C6A9C832C66552C008E01FE /* View */ = {
			isa = PBXGroup;
			children = (
				1C5315572C6266A900EFCC94 /* AsyncImageLoaderView.swift */,
				1C5315512C6260A000EFCC94 /* ImageView.swift */,
			);
			path = View;
			sourceTree = "<group>";
		};
		1C6A9C842C665535008E01FE /* Model */ = {
			isa = PBXGroup;
			children = (
			);
			path = Model;
			sourceTree = "<group>";
		};
		1C6A9C852C66558F008E01FE /* ListItem */ = {
			isa = PBXGroup;
			children = (
				1C6A9C872C6655B6008E01FE /* View */,
				1C6A9C862C6655B1008E01FE /* Model */,
			);
			path = ListItem;
			sourceTree = "<group>";
		};
		1C6A9C862C6655B1008E01FE /* Model */ = {
			isa = PBXGroup;
			children = (
				1C53155E2C63B34100EFCC94 /* ListItemDetailHouseViewModel.swift */,
			);
			path = Model;
			sourceTree = "<group>";
		};
		1C6A9C872C6655B6008E01FE /* View */ = {
			isa = PBXGroup;
			children = (
				1C53155C2C639E9900EFCC94 /* ListItemDetailHouseView.swift */,
			);
			path = View;
			sourceTree = "<group>";
		};
		1C6A9C882C66562D008E01FE /* Protocol */ = {
			isa = PBXGroup;
			children = (
				1C6A9C892C66563E008E01FE /* DisplayLogic.swift */,
			);
			path = Protocol;
			sourceTree = "<group>";
		};
		1C7464312C6CCDCE005634AE /* Extension */ = {
			isa = PBXGroup;
			children = (
				1C7464322C6CCDDD005634AE /* Extension.swift */,
			);
			path = Extension;
			sourceTree = "<group>";
		};
		1C7B506E2C67A5D7004683C3 /* Card */ = {
			isa = PBXGroup;
			children = (
				1C53153A2C5BDC3100EFCC94 /* CarouselView.swift */,
				1C6A9C7A2C6516DC008E01FE /* StackedCardView.swift */,
				1C7B506F2C67BA41004683C3 /* CardView.swift */,
			);
			path = Card;
			sourceTree = "<group>";
		};
		1C7B50712C67C876004683C3 /* Section */ = {
			isa = PBXGroup;
			children = (
				1C6A9C8B2C6658CE008E01FE /* HomeSection.swift */,
				1C7B50722C67C885004683C3 /* SectionCarousel.swift */,
				1C7B50742C67C88E004683C3 /* SectionStackedCard.swift */,
				1C7B50762C67C8EC004683C3 /* SectionDefault.swift */,
			);
			path = Section;
			sourceTree = "<group>";
		};
		1C828F1F2C77734B0039B376 /* TabBar */ = {
			isa = PBXGroup;
			children = (
				1C5315382C5BC3F300EFCC94 /* MainTabView.swift */,
			);
			path = TabBar;
			sourceTree = "<group>";
		};
		1C828F202C7773A60039B376 /* ToolBar */ = {
			isa = PBXGroup;
			children = (
				1CC3EA1B2C73BE65007EEC4A /* ToolBarView.swift */,
			);
			path = ToolBar;
			sourceTree = "<group>";
		};
		1C828F212C7774CE0039B376 /* Favorites */ = {
			isa = PBXGroup;
			children = (
				1C828F222C7774DB0039B376 /* FavoritesButtonView.swift */,
			);
			path = Favorites;
			sourceTree = "<group>";
		};
		1C828F252C7777950039B376 /* SearchSuggestion */ = {
			isa = PBXGroup;
			children = (
				1CC3EA202C750283007EEC4A /* SearchSuggestionView.swift */,
			);
			path = SearchSuggestion;
			sourceTree = "<group>";
		};
		1C828F292C779FDB0039B376 /* ManagerFilter */ = {
			isa = PBXGroup;
			children = (
				1C828F2A2C779FEA0039B376 /* FilterViewManager.swift */,
			);
			path = ManagerFilter;
			sourceTree = "<group>";
		};
		1C828F2C2C77BDF30039B376 /* Filter */ = {
			isa = PBXGroup;
			children = (
				1C828F2D2C77BDFB0039B376 /* FilterPresenter.swift */,
			);
			path = Filter;
			sourceTree = "<group>";
		};
		1C828F2F2C77BE100039B376 /* Filter */ = {
			isa = PBXGroup;
			children = (
				1C828F302C77BE1E0039B376 /* FilterInteractor.swift */,
			);
			path = Filter;
			sourceTree = "<group>";
		};
		1C828F322C77BE250039B376 /* Home */ = {
			isa = PBXGroup;
			children = (
				1C15FEBE2C5A7B9B0006F4E9 /* HomeInteractor.swift */,
			);
			path = Home;
			sourceTree = "<group>";
		};
		1C828F332C787CA80039B376 /* UserDefaults */ = {
			isa = PBXGroup;
			children = (
				1C828F342C787CC60039B376 /* UserFilter.swift */,
			);
			path = UserDefaults;
			sourceTree = "<group>";
		};
		1CB52CC02C7DEF5B00796F27 /* Filter */ = {
			isa = PBXGroup;
			children = (
				1CB52CC22C7DEFC000796F27 /* Model */,
				1CB52CC12C7DEFAC00796F27 /* View */,
				1C828F292C779FDB0039B376 /* ManagerFilter */,
			);
			path = Filter;
			sourceTree = "<group>";
		};
		1CB52CC12C7DEFAC00796F27 /* View */ = {
			isa = PBXGroup;
			children = (
				1C828F382C7882DA0039B376 /* FilterSectionView.swift */,
				1C828F272C7791CF0039B376 /* FilterView.swift */,
				1CB52CC32C7E0C9E00796F27 /* FilterPickerView.swift */,
			);
			path = View;
			sourceTree = "<group>";
		};
		1CB52CC22C7DEFC000796F27 /* Model */ = {
			isa = PBXGroup;
			children = (
				1CA767B12C7A08FC00AC9662 /* FilterHomeContext.swift */,
				1C828F362C7882870039B376 /* FilterHomeViewModel.swift */,
				1CB52CC52C7E0CDA00796F27 /* FilterContent.swift */,
				1CB52CC72C7E0E0100796F27 /* SelectedFilterItem.swift */,
			);
			path = Model;
			sourceTree = "<group>";
		};
		1CC3EA1D2C749355007EEC4A /* Manager */ = {
			isa = PBXGroup;
			children = (
				1CC3EA1E2C749366007EEC4A /* HomeViewManager.swift */,
			);
			path = Manager;
			sourceTree = "<group>";
		};
		1CE588C92C4D42D6009DDDEA = {
			isa = PBXGroup;
			children = (
				1CE588D42C4D42D6009DDDEA /* ImoApp */,
				1CE588D32C4D42D6009DDDEA /* Products */,
			);
			sourceTree = "<group>";
		};
		1CE588D32C4D42D6009DDDEA /* Products */ = {
			isa = PBXGroup;
			children = (
				1CE588D22C4D42D6009DDDEA /* ImoApp.app */,
			);
			name = Products;
			sourceTree = "<group>";
		};
		1CE588D42C4D42D6009DDDEA /* ImoApp */ = {
			isa = PBXGroup;
			children = (
				1CE588D52C4D42D6009DDDEA /* ImoAppApp.swift */,
				1C5315432C5BE59F00EFCC94 /* Info.plist */,
				1C828F332C787CA80039B376 /* UserDefaults */,
				1C53153C2C5BE40600EFCC94 /* Shared */,
				1C15FEBB2C5A7B390006F4E9 /* View */,
				1C15FEBC2C5A7B400006F4E9 /* Interactor */,
				1C15FEBD2C5A7B4A0006F4E9 /* Presenter */,
				1CEFBA6B2C6D0B560033C894 /* Service */,
				1CE588D92C4D42D7009DDDEA /* Assets.xcassets */,
				1CE588DB2C4D42D7009DDDEA /* ImoApp.entitlements */,
				1CE588DC2C4D42D7009DDDEA /* Preview Content */,
			);
			path = ImoApp;
			sourceTree = "<group>";
		};
		1CE588DC2C4D42D7009DDDEA /* Preview Content */ = {
			isa = PBXGroup;
			children = (
				1CE588DD2C4D42D7009DDDEA /* Preview Assets.xcassets */,
			);
			path = "Preview Content";
			sourceTree = "<group>";
		};
		1CEFBA6B2C6D0B560033C894 /* Service */ = {
			isa = PBXGroup;
			children = (
				1CEFBA772C6E28D00033C894 /* Mock */,
				1CEFBA6F2C6D0C240033C894 /* Request */,
				1CEFBA6E2C6D0B9F0033C894 /* RestModel */,
			);
			path = Service;
			sourceTree = "<group>";
		};
		1CEFBA6E2C6D0B9F0033C894 /* RestModel */ = {
			isa = PBXGroup;
			children = (
			);
			path = RestModel;
			sourceTree = "<group>";
		};
		1CEFBA6F2C6D0C240033C894 /* Request */ = {
			isa = PBXGroup;
			children = (
				1CEFBA702C6D0C360033C894 /* RequestHome.swift */,
			);
			path = Request;
			sourceTree = "<group>";
		};
		1CEFBA772C6E28D00033C894 /* Mock */ = {
			isa = PBXGroup;
			children = (
				1CEFBA752C6E288F0033C894 /* Regions.json */,
				1C146C9B2C6F8FF600AAE5F7 /* Departments.json */,
				1C146C9D2C6F902300AAE5F7 /* City.json */,
			);
			path = Mock;
			sourceTree = "<group>";
		};
/* End PBXGroup section */

/* Begin PBXNativeTarget section */
		1CE588D12C4D42D6009DDDEA /* ImoApp */ = {
			isa = PBXNativeTarget;
			buildConfigurationList = 1CE588E12C4D42D7009DDDEA /* Build configuration list for PBXNativeTarget "ImoApp" */;
			buildPhases = (
				1CE588CE2C4D42D6009DDDEA /* Sources */,
				1CE588CF2C4D42D6009DDDEA /* Frameworks */,
				1CE588D02C4D42D6009DDDEA /* Resources */,
			);
			buildRules = (
			);
			dependencies = (
			);
			name = ImoApp;
			packageProductDependencies = (
				1C5315552C6262DC00EFCC94 /* Kingfisher */,
			);
			productName = ImoApp;
			productReference = 1CE588D22C4D42D6009DDDEA /* ImoApp.app */;
			productType = "com.apple.product-type.application";
		};
/* End PBXNativeTarget section */

/* Begin PBXProject section */
		1CE588CA2C4D42D6009DDDEA /* Project object */ = {
			isa = PBXProject;
			attributes = {
				BuildIndependentTargetsInParallel = 1;
				LastSwiftUpdateCheck = 1540;
				LastUpgradeCheck = 1540;
				TargetAttributes = {
					1CE588D12C4D42D6009DDDEA = {
						CreatedOnToolsVersion = 15.4;
					};
				};
			};
			buildConfigurationList = 1CE588CD2C4D42D6009DDDEA /* Build configuration list for PBXProject "ImoApp" */;
			compatibilityVersion = "Xcode 14.0";
			developmentRegion = en;
			hasScannedForEncodings = 0;
			knownRegions = (
				en,
				Base,
			);
			mainGroup = 1CE588C92C4D42D6009DDDEA;
			packageReferences = (
				1C5315542C6262DC00EFCC94 /* XCRemoteSwiftPackageReference "Kingfisher" */,
			);
			productRefGroup = 1CE588D32C4D42D6009DDDEA /* Products */;
			projectDirPath = "";
			projectRoot = "";
			targets = (
				1CE588D12C4D42D6009DDDEA /* ImoApp */,
			);
		};
/* End PBXProject section */

/* Begin PBXResourcesBuildPhase section */
		1CE588D02C4D42D6009DDDEA /* Resources */ = {
			isa = PBXResourcesBuildPhase;
			buildActionMask = 2147483647;
			files = (
				1C146C9E2C6F902300AAE5F7 /* City.json in Resources */,
				1C5315412C5BE42000EFCC94 /* AnticDidone-Regular.ttf in Resources */,
				1CE588DE2C4D42D7009DDDEA /* Preview Assets.xcassets in Resources */,
				1C5315422C5BE42000EFCC94 /* OFL.txt in Resources */,
				1C146C9C2C6F8FF600AAE5F7 /* Departments.json in Resources */,
				1CE588DA2C4D42D7009DDDEA /* Assets.xcassets in Resources */,
				1CEFBA762C6E288F0033C894 /* Regions.json in Resources */,
			);
			runOnlyForDeploymentPostprocessing = 0;
		};
/* End PBXResourcesBuildPhase section */

/* Begin PBXSourcesBuildPhase section */
		1CE588CE2C4D42D6009DDDEA /* Sources */ = {
			isa = PBXSourcesBuildPhase;
			buildActionMask = 2147483647;
			files = (
				1C5315502C62606200EFCC94 /* DetailPageViewModel.swift in Sources */,
				1C6A9C7D2C66549B008E01FE /* HomeViewModel.swift in Sources */,
				1C6A9C7B2C6516DC008E01FE /* StackedCardView.swift in Sources */,
				1C828F372C7882870039B376 /* FilterHomeViewModel.swift in Sources */,
				1CC3EA212C750283007EEC4A /* SearchSuggestionView.swift in Sources */,
				1CEFBA712C6D0C360033C894 /* RequestHome.swift in Sources */,
				1C53155A2C63833100EFCC94 /* DescriptionDetailPageView.swift in Sources */,
				1C5315392C5BC3F300EFCC94 /* MainTabView.swift in Sources */,
				1C5315582C6266A900EFCC94 /* AsyncImageLoaderView.swift in Sources */,
				1C15FEB92C5A7A350006F4E9 /* HomeView.swift in Sources */,
				1CE588D62C4D42D6009DDDEA /* ImoAppApp.swift in Sources */,
				1C7B50732C67C885004683C3 /* SectionCarousel.swift in Sources */,
				1C6A9C8C2C6658CE008E01FE /* HomeSection.swift in Sources */,
				1C828F392C7882DA0039B376 /* FilterSectionView.swift in Sources */,
				1C5315522C6260A000EFCC94 /* ImageView.swift in Sources */,
				1C7B50752C67C88E004683C3 /* SectionStackedCard.swift in Sources */,
				1C828F232C7774DB0039B376 /* FavoritesButtonView.swift in Sources */,
				1C53154E2C624B1500EFCC94 /* DetailPageView.swift in Sources */,
				1CED438A2C734F6600E4BD81 /* SearchViewModel.swift in Sources */,
				1C15FEC22C5A7DA10006F4E9 /* HomePresenter.swift in Sources */,
				1C828F352C787CC60039B376 /* UserFilter.swift in Sources */,
				1C828F2B2C779FEA0039B376 /* FilterViewManager.swift in Sources */,
				1CB52CC82C7E0E0100796F27 /* SelectedFilterItem.swift in Sources */,
				1C53153B2C5BDC3100EFCC94 /* CarouselView.swift in Sources */,
				1C828F312C77BE1E0039B376 /* FilterInteractor.swift in Sources */,
				1C7464332C6CCDDD005634AE /* Extension.swift in Sources */,
				1C5315492C5D0FF800EFCC94 /* SectionHeaderView.swift in Sources */,
				1CC3EA1C2C73BE65007EEC4A /* ToolBarView.swift in Sources */,
				1C7B50702C67BA41004683C3 /* CardView.swift in Sources */,
				1C53155D2C639E9900EFCC94 /* ListItemDetailHouseView.swift in Sources */,
				1C15FEBF2C5A7B9B0006F4E9 /* HomeInteractor.swift in Sources */,
				1CB52CC42C7E0C9E00796F27 /* FilterPickerView.swift in Sources */,
				1CB52CC62C7E0CDA00796F27 /* FilterContent.swift in Sources */,
				1C53155F2C63B34100EFCC94 /* ListItemDetailHouseViewModel.swift in Sources */,
				1C828F282C7791CF0039B376 /* FilterView.swift in Sources */,
				1C5315452C5BF22B00EFCC94 /* CardViewModel.swift in Sources */,
				1C6A9C8A2C66563E008E01FE /* DisplayLogic.swift in Sources */,
				1C7B50772C67C8EC004683C3 /* SectionDefault.swift in Sources */,
				1C828F2E2C77BDFB0039B376 /* FilterPresenter.swift in Sources */,
				1CA767B22C7A08FC00AC9662 /* FilterHomeContext.swift in Sources */,
				1CC3EA1F2C749366007EEC4A /* HomeViewManager.swift in Sources */,
			);
			runOnlyForDeploymentPostprocessing = 0;
		};
/* End PBXSourcesBuildPhase section */

/* Begin XCBuildConfiguration section */
		1CE588DF2C4D42D7009DDDEA /* Debug */ = {
			isa = XCBuildConfiguration;
			buildSettings = {
				ALWAYS_SEARCH_USER_PATHS = NO;
				ASSETCATALOG_COMPILER_GENERATE_SWIFT_ASSET_SYMBOL_EXTENSIONS = YES;
				CLANG_ANALYZER_NONNULL = YES;
				CLANG_ANALYZER_NUMBER_OBJECT_CONVERSION = YES_AGGRESSIVE;
				CLANG_CXX_LANGUAGE_STANDARD = "gnu++20";
				CLANG_ENABLE_MODULES = YES;
				CLANG_ENABLE_OBJC_ARC = YES;
				CLANG_ENABLE_OBJC_WEAK = YES;
				CLANG_WARN_BLOCK_CAPTURE_AUTORELEASING = YES;
				CLANG_WARN_BOOL_CONVERSION = YES;
				CLANG_WARN_COMMA = YES;
				CLANG_WARN_CONSTANT_CONVERSION = YES;
				CLANG_WARN_DEPRECATED_OBJC_IMPLEMENTATIONS = YES;
				CLANG_WARN_DIRECT_OBJC_ISA_USAGE = YES_ERROR;
				CLANG_WARN_DOCUMENTATION_COMMENTS = YES;
				CLANG_WARN_EMPTY_BODY = YES;
				CLANG_WARN_ENUM_CONVERSION = YES;
				CLANG_WARN_INFINITE_RECURSION = YES;
				CLANG_WARN_INT_CONVERSION = YES;
				CLANG_WARN_NON_LITERAL_NULL_CONVERSION = YES;
				CLANG_WARN_OBJC_IMPLICIT_RETAIN_SELF = YES;
				CLANG_WARN_OBJC_LITERAL_CONVERSION = YES;
				CLANG_WARN_OBJC_ROOT_CLASS = YES_ERROR;
				CLANG_WARN_QUOTED_INCLUDE_IN_FRAMEWORK_HEADER = YES;
				CLANG_WARN_RANGE_LOOP_ANALYSIS = YES;
				CLANG_WARN_STRICT_PROTOTYPES = YES;
				CLANG_WARN_SUSPICIOUS_MOVE = YES;
				CLANG_WARN_UNGUARDED_AVAILABILITY = YES_AGGRESSIVE;
				CLANG_WARN_UNREACHABLE_CODE = YES;
				CLANG_WARN__DUPLICATE_METHOD_MATCH = YES;
				COPY_PHASE_STRIP = NO;
				DEBUG_INFORMATION_FORMAT = dwarf;
				ENABLE_STRICT_OBJC_MSGSEND = YES;
				ENABLE_TESTABILITY = YES;
				ENABLE_USER_SCRIPT_SANDBOXING = YES;
				GCC_C_LANGUAGE_STANDARD = gnu17;
				GCC_DYNAMIC_NO_PIC = NO;
				GCC_NO_COMMON_BLOCKS = YES;
				GCC_OPTIMIZATION_LEVEL = 0;
				GCC_PREPROCESSOR_DEFINITIONS = (
					"DEBUG=1",
					"$(inherited)",
				);
				GCC_WARN_64_TO_32_BIT_CONVERSION = YES;
				GCC_WARN_ABOUT_RETURN_TYPE = YES_ERROR;
				GCC_WARN_UNDECLARED_SELECTOR = YES;
				GCC_WARN_UNINITIALIZED_AUTOS = YES_AGGRESSIVE;
				GCC_WARN_UNUSED_FUNCTION = YES;
				GCC_WARN_UNUSED_VARIABLE = YES;
				LOCALIZATION_PREFERS_STRING_CATALOGS = YES;
				MTL_ENABLE_DEBUG_INFO = INCLUDE_SOURCE;
				MTL_FAST_MATH = YES;
				ONLY_ACTIVE_ARCH = YES;
				SWIFT_ACTIVE_COMPILATION_CONDITIONS = "DEBUG $(inherited)";
				SWIFT_OPTIMIZATION_LEVEL = "-Onone";
			};
			name = Debug;
		};
		1CE588E02C4D42D7009DDDEA /* Release */ = {
			isa = XCBuildConfiguration;
			buildSettings = {
				ALWAYS_SEARCH_USER_PATHS = NO;
				ASSETCATALOG_COMPILER_GENERATE_SWIFT_ASSET_SYMBOL_EXTENSIONS = YES;
				CLANG_ANALYZER_NONNULL = YES;
				CLANG_ANALYZER_NUMBER_OBJECT_CONVERSION = YES_AGGRESSIVE;
				CLANG_CXX_LANGUAGE_STANDARD = "gnu++20";
				CLANG_ENABLE_MODULES = YES;
				CLANG_ENABLE_OBJC_ARC = YES;
				CLANG_ENABLE_OBJC_WEAK = YES;
				CLANG_WARN_BLOCK_CAPTURE_AUTORELEASING = YES;
				CLANG_WARN_BOOL_CONVERSION = YES;
				CLANG_WARN_COMMA = YES;
				CLANG_WARN_CONSTANT_CONVERSION = YES;
				CLANG_WARN_DEPRECATED_OBJC_IMPLEMENTATIONS = YES;
				CLANG_WARN_DIRECT_OBJC_ISA_USAGE = YES_ERROR;
				CLANG_WARN_DOCUMENTATION_COMMENTS = YES;
				CLANG_WARN_EMPTY_BODY = YES;
				CLANG_WARN_ENUM_CONVERSION = YES;
				CLANG_WARN_INFINITE_RECURSION = YES;
				CLANG_WARN_INT_CONVERSION = YES;
				CLANG_WARN_NON_LITERAL_NULL_CONVERSION = YES;
				CLANG_WARN_OBJC_IMPLICIT_RETAIN_SELF = YES;
				CLANG_WARN_OBJC_LITERAL_CONVERSION = YES;
				CLANG_WARN_OBJC_ROOT_CLASS = YES_ERROR;
				CLANG_WARN_QUOTED_INCLUDE_IN_FRAMEWORK_HEADER = YES;
				CLANG_WARN_RANGE_LOOP_ANALYSIS = YES;
				CLANG_WARN_STRICT_PROTOTYPES = YES;
				CLANG_WARN_SUSPICIOUS_MOVE = YES;
				CLANG_WARN_UNGUARDED_AVAILABILITY = YES_AGGRESSIVE;
				CLANG_WARN_UNREACHABLE_CODE = YES;
				CLANG_WARN__DUPLICATE_METHOD_MATCH = YES;
				COPY_PHASE_STRIP = NO;
				DEBUG_INFORMATION_FORMAT = "dwarf-with-dsym";
				ENABLE_NS_ASSERTIONS = NO;
				ENABLE_STRICT_OBJC_MSGSEND = YES;
				ENABLE_USER_SCRIPT_SANDBOXING = YES;
				GCC_C_LANGUAGE_STANDARD = gnu17;
				GCC_NO_COMMON_BLOCKS = YES;
				GCC_WARN_64_TO_32_BIT_CONVERSION = YES;
				GCC_WARN_ABOUT_RETURN_TYPE = YES_ERROR;
				GCC_WARN_UNDECLARED_SELECTOR = YES;
				GCC_WARN_UNINITIALIZED_AUTOS = YES_AGGRESSIVE;
				GCC_WARN_UNUSED_FUNCTION = YES;
				GCC_WARN_UNUSED_VARIABLE = YES;
				LOCALIZATION_PREFERS_STRING_CATALOGS = YES;
				MTL_ENABLE_DEBUG_INFO = NO;
				MTL_FAST_MATH = YES;
				SWIFT_COMPILATION_MODE = wholemodule;
			};
			name = Release;
		};
		1CE588E22C4D42D7009DDDEA /* Debug */ = {
			isa = XCBuildConfiguration;
			buildSettings = {
				ASSETCATALOG_COMPILER_APPICON_NAME = AppIcon;
				ASSETCATALOG_COMPILER_GLOBAL_ACCENT_COLOR_NAME = AccentColor;
				CODE_SIGN_ENTITLEMENTS = ImoApp/ImoApp.entitlements;
				CODE_SIGN_STYLE = Automatic;
				CURRENT_PROJECT_VERSION = 1;
				DEVELOPMENT_ASSET_PATHS = "\"ImoApp/Preview Content\"";
				DEVELOPMENT_TEAM = 4Z5XMTP2KH;
				ENABLE_HARDENED_RUNTIME = YES;
				ENABLE_PREVIEWS = YES;
				GENERATE_INFOPLIST_FILE = YES;
				INFOPLIST_FILE = ImoApp/Info.plist;
				"INFOPLIST_KEY_UIApplicationSceneManifest_Generation[sdk=iphoneos*]" = YES;
				"INFOPLIST_KEY_UIApplicationSceneManifest_Generation[sdk=iphonesimulator*]" = YES;
				"INFOPLIST_KEY_UIApplicationSupportsIndirectInputEvents[sdk=iphoneos*]" = YES;
				"INFOPLIST_KEY_UIApplicationSupportsIndirectInputEvents[sdk=iphonesimulator*]" = YES;
				"INFOPLIST_KEY_UILaunchScreen_Generation[sdk=iphoneos*]" = YES;
				"INFOPLIST_KEY_UILaunchScreen_Generation[sdk=iphonesimulator*]" = YES;
				"INFOPLIST_KEY_UIStatusBarStyle[sdk=iphoneos*]" = UIStatusBarStyleDefault;
				"INFOPLIST_KEY_UIStatusBarStyle[sdk=iphonesimulator*]" = UIStatusBarStyleDefault;
				INFOPLIST_KEY_UISupportedInterfaceOrientations_iPad = "UIInterfaceOrientationPortrait UIInterfaceOrientationPortraitUpsideDown UIInterfaceOrientationLandscapeLeft UIInterfaceOrientationLandscapeRight";
				INFOPLIST_KEY_UISupportedInterfaceOrientations_iPhone = UIInterfaceOrientationPortrait;
				IPHONEOS_DEPLOYMENT_TARGET = 17.0;
				LD_RUNPATH_SEARCH_PATHS = "@executable_path/Frameworks";
				"LD_RUNPATH_SEARCH_PATHS[sdk=macosx*]" = "@executable_path/../Frameworks";
				MACOSX_DEPLOYMENT_TARGET = 14.3;
				MARKETING_VERSION = 1.0;
				PRODUCT_BUNDLE_IDENTIFIER = com.Samy.ImoApp;
				PRODUCT_NAME = "$(TARGET_NAME)";
				SDKROOT = auto;
				SUPPORTED_PLATFORMS = "iphoneos iphonesimulator xros xrsimulator";
				SUPPORTS_MACCATALYST = NO;
				SWIFT_EMIT_LOC_STRINGS = YES;
				SWIFT_VERSION = 5.0;
				TARGETED_DEVICE_FAMILY = "1,2,7";
			};
			name = Debug;
		};
		1CE588E32C4D42D7009DDDEA /* Release */ = {
			isa = XCBuildConfiguration;
			buildSettings = {
				ASSETCATALOG_COMPILER_APPICON_NAME = AppIcon;
				ASSETCATALOG_COMPILER_GLOBAL_ACCENT_COLOR_NAME = AccentColor;
				CODE_SIGN_ENTITLEMENTS = ImoApp/ImoApp.entitlements;
				CODE_SIGN_STYLE = Automatic;
				CURRENT_PROJECT_VERSION = 1;
				DEVELOPMENT_ASSET_PATHS = "\"ImoApp/Preview Content\"";
				DEVELOPMENT_TEAM = 4Z5XMTP2KH;
				ENABLE_HARDENED_RUNTIME = YES;
				ENABLE_PREVIEWS = YES;
				GENERATE_INFOPLIST_FILE = YES;
				INFOPLIST_FILE = ImoApp/Info.plist;
				"INFOPLIST_KEY_UIApplicationSceneManifest_Generation[sdk=iphoneos*]" = YES;
				"INFOPLIST_KEY_UIApplicationSceneManifest_Generation[sdk=iphonesimulator*]" = YES;
				"INFOPLIST_KEY_UIApplicationSupportsIndirectInputEvents[sdk=iphoneos*]" = YES;
				"INFOPLIST_KEY_UIApplicationSupportsIndirectInputEvents[sdk=iphonesimulator*]" = YES;
				"INFOPLIST_KEY_UILaunchScreen_Generation[sdk=iphoneos*]" = YES;
				"INFOPLIST_KEY_UILaunchScreen_Generation[sdk=iphonesimulator*]" = YES;
				"INFOPLIST_KEY_UIStatusBarStyle[sdk=iphoneos*]" = UIStatusBarStyleDefault;
				"INFOPLIST_KEY_UIStatusBarStyle[sdk=iphonesimulator*]" = UIStatusBarStyleDefault;
				INFOPLIST_KEY_UISupportedInterfaceOrientations_iPad = "UIInterfaceOrientationPortrait UIInterfaceOrientationPortraitUpsideDown UIInterfaceOrientationLandscapeLeft UIInterfaceOrientationLandscapeRight";
				INFOPLIST_KEY_UISupportedInterfaceOrientations_iPhone = UIInterfaceOrientationPortrait;
				IPHONEOS_DEPLOYMENT_TARGET = 17.0;
				LD_RUNPATH_SEARCH_PATHS = "@executable_path/Frameworks";
				"LD_RUNPATH_SEARCH_PATHS[sdk=macosx*]" = "@executable_path/../Frameworks";
				MACOSX_DEPLOYMENT_TARGET = 14.3;
				MARKETING_VERSION = 1.0;
				PRODUCT_BUNDLE_IDENTIFIER = com.Samy.ImoApp;
				PRODUCT_NAME = "$(TARGET_NAME)";
				SDKROOT = auto;
				SUPPORTED_PLATFORMS = "iphoneos iphonesimulator xros xrsimulator";
				SUPPORTS_MACCATALYST = NO;
				SWIFT_EMIT_LOC_STRINGS = YES;
				SWIFT_VERSION = 5.0;
				TARGETED_DEVICE_FAMILY = "1,2,7";
			};
			name = Release;
		};
/* End XCBuildConfiguration section */

/* Begin XCConfigurationList section */
		1CE588CD2C4D42D6009DDDEA /* Build configuration list for PBXProject "ImoApp" */ = {
			isa = XCConfigurationList;
			buildConfigurations = (
				1CE588DF2C4D42D7009DDDEA /* Debug */,
				1CE588E02C4D42D7009DDDEA /* Release */,
			);
			defaultConfigurationIsVisible = 0;
			defaultConfigurationName = Release;
		};
		1CE588E12C4D42D7009DDDEA /* Build configuration list for PBXNativeTarget "ImoApp" */ = {
			isa = XCConfigurationList;
			buildConfigurations = (
				1CE588E22C4D42D7009DDDEA /* Debug */,
				1CE588E32C4D42D7009DDDEA /* Release */,
			);
			defaultConfigurationIsVisible = 0;
			defaultConfigurationName = Release;
		};
/* End XCConfigurationList section */

/* Begin XCRemoteSwiftPackageReference section */
		1C5315542C6262DC00EFCC94 /* XCRemoteSwiftPackageReference "Kingfisher" */ = {
			isa = XCRemoteSwiftPackageReference;
			repositoryURL = "https://github.com/onevcat/Kingfisher.git";
			requirement = {
				kind = upToNextMajorVersion;
				minimumVersion = 7.9.1;
			};
		};
/* End XCRemoteSwiftPackageReference section */

/* Begin XCSwiftPackageProductDependency section */
		1C5315552C6262DC00EFCC94 /* Kingfisher */ = {
			isa = XCSwiftPackageProductDependency;
			package = 1C5315542C6262DC00EFCC94 /* XCRemoteSwiftPackageReference "Kingfisher" */;
			productName = Kingfisher;
		};
/* End XCSwiftPackageProductDependency section */
	};
	rootObject = 1CE588CA2C4D42D6009DDDEA /* Project object */;
}
